Microsoft Visual Studio Solution File, Format Version 12.00
# Visual Studio 2012
Project("{FAE04EC0-301F-11D3-BF4B-00C04F79EFBC}") = "SurvivorDotnet", "SurvivorDotnet.csproj", "{FEAB44FA-4067-44A3-A17F-6E7CE1180F5A}"
EndProject
Global
	GlobalSection(SolutionConfigurationPlatforms) = preSolution
	Debug|Any CPU = Debug|Any CPU
	ExportDebug|Any CPU = ExportDebug|Any CPU
	ExportRelease|Any CPU = ExportRelease|Any CPU
	EndGlobalSection
	GlobalSection(ProjectConfigurationPlatforms) = postSolution
		{FEAB44FA-4067-44A3-A17F-6E7CE1180F5A}.Debug|Any CPU.ActiveCfg = Debug|Any CPU
		{FEAB44FA-4067-44A3-A17F-6E7CE1180F5A}.Debug|Any CPU.Build.0 = Debug|Any CPU
		{FEAB44FA-4067-44A3-A17F-6E7CE1180F5A}.ExportDebug|Any CPU.ActiveCfg = ExportDebug|Any CPU
		{FEAB44FA-4067-44A3-A17F-6E7CE1180F5A}.ExportDebug|Any CPU.Build.0 = ExportDebug|Any CPU
		{FEAB44FA-4067-44A3-A17F-6E7CE1180F5A}.ExportRelease|Any CPU.ActiveCfg = ExportRelease|Any CPU
		{FEAB44FA-4067-44A3-A17F-6E7CE1180F5A}.ExportRelease|Any CPU.Build.0 = ExportRelease|Any CPU
	EndGlobalSection
EndGlobal
